<?xml version="1.0" encoding="utf-8"?>
<Project ToolsVersion="4.0" xmlns="http://schemas.microsoft.com/developer/msbuild/2003">
  <ItemGroup>
    <Filter Include="소스 파일">
      <UniqueIdentifier>{4FC737F1-C7A5-4376-A066-2A32D752A2FF}</UniqueIdentifier>
      <Extensions>cpp;c;cc;cxx;def;odl;idl;hpj;bat;asm;asmx</Extensions>
    </Filter>
    <Filter Include="리소스 파일">
      <UniqueIdentifier>{67DA6AB6-F800-4c08-8B7A-83BB121AAD01}</UniqueIdentifier>
      <Extensions>rc;ico;cur;bmp;dlg;rc2;rct;bin;rgs;gif;jpg;jpeg;jpe;resx;tiff;tif;png;wav;mfcribbon-ms</Extensions>
    </Filter>
    <Filter Include="2D Framework">
      <UniqueIdentifier>{37a12a8b-1e51-4e96-8efb-d2e5e282e44b}</UniqueIdentifier>
    </Filter>
    <Filter Include="mainGame">
      <UniqueIdentifier>{a603f8e0-4e04-4a58-bb08-b78f329cab08}</UniqueIdentifier>
    </Filter>
    <Filter Include="2D Framework\image">
      <UniqueIdentifier>{1323f2ab-528c-4f84-b9bd-c32ef4caf211}</UniqueIdentifier>
    </Filter>
    <Filter Include="2D Framework\manager">
      <UniqueIdentifier>{114f079b-a42a-49c2-b096-a45cc478f133}</UniqueIdentifier>
    </Filter>
    <Filter Include="2D Framework\singleton">
      <UniqueIdentifier>{6887183b-da69-4d4d-9c5f-533fded03c25}</UniqueIdentifier>
    </Filter>
    <Filter Include="2D Framework\gameNode">
      <UniqueIdentifier>{b8da43dc-e863-415a-92c9-2fa5e808cd93}</UniqueIdentifier>
    </Filter>
    <Filter Include="2D Framework\animation">
      <UniqueIdentifier>{30cf1fe5-ff81-49f0-9d8c-9141daffaec3}</UniqueIdentifier>
    </Filter>
    <Filter Include="헤더 파일">
      <UniqueIdentifier>{93995380-89BD-4b04-88EB-625FBE52EBFB}</UniqueIdentifier>
      <Extensions>h;hh;hpp;hxx;hm;inl;inc;ipp;xsd</Extensions>
    </Filter>
    <Filter Include="2D Framework\util">
      <UniqueIdentifier>{16103707-dfde-4dfe-bc0d-87fb75ac8276}</UniqueIdentifier>
    </Filter>
    <Filter Include="mainGame\scene">
      <UniqueIdentifier>{738df03d-fcce-408a-83ae-0f94dc36c427}</UniqueIdentifier>
    </Filter>
    <Filter Include="mainGame\block">
      <UniqueIdentifier>{08d8d98e-a65d-4bcd-863a-265787685ab2}</UniqueIdentifier>
    </Filter>
    <Filter Include="2D Framework\iniData">
      <UniqueIdentifier>{c9fe11ab-d25b-4cd4-9759-43aad2d6ef93}</UniqueIdentifier>
    </Filter>
  </ItemGroup>
  <ItemGroup>
    <ClInclude Include="targetver.h">
      <Filter>헤더 파일</Filter>
    </ClInclude>
    <ClInclude Include="Resource.h">
      <Filter>헤더 파일</Filter>
    </ClInclude>
    <ClInclude Include="2D framework.h">
      <Filter>헤더 파일</Filter>
    </ClInclude>
    <ClInclude Include="singletonBase.h">
      <Filter>2D Framework\singleton</Filter>
    </ClInclude>
    <ClInclude Include="imageManager.h">
      <Filter>2D Framework\manager</Filter>
    </ClInclude>
    <ClInclude Include="inputManager.h">
      <Filter>2D Framework\manager</Filter>
    </ClInclude>
    <ClInclude Include="gameNode.h">
      <Filter>2D Framework\gameNode</Filter>
    </ClInclude>
    <ClInclude Include="image.h">
      <Filter>2D Framework\image</Filter>
    </ClInclude>
    <ClInclude Include="mainGame.h">
      <Filter>mainGame</Filter>
    </ClInclude>
    <ClInclude Include="timer.h">
      <Filter>2D Framework</Filter>
    </ClInclude>
    <ClInclude Include="timeManager.h">
      <Filter>2D Framework\manager</Filter>
    </ClInclude>
    <ClInclude Include="animation.h">
      <Filter>2D Framework\animation</Filter>
    </ClInclude>
    <ClInclude Include="cameraManager.h">
      <Filter>2D Framework\manager</Filter>
    </ClInclude>
    <ClInclude Include="myUtil.h">
      <Filter>2D Framework\util</Filter>
    </ClInclude>
    <ClInclude Include="sceneManager.h">
      <Filter>2D Framework\manager</Filter>
    </ClInclude>
    <ClInclude Include="stdafx.h">
      <Filter>mainGame</Filter>
    </ClInclude>
    <ClInclude Include="mainScene.h">
      <Filter>mainGame\scene</Filter>
    </ClInclude>
    <ClInclude Include="playScene.h">
      <Filter>mainGame\scene</Filter>
    </ClInclude>
    <ClInclude Include="block.h">
      <Filter>mainGame\block</Filter>
    </ClInclude>
    <ClInclude Include="blockManager.h">
      <Filter>mainGame\block</Filter>
    </ClInclude>
    <ClInclude Include="blocks.h">
      <Filter>mainGame\block</Filter>
    </ClInclude>
    <ClInclude Include="iniData.h">
      <Filter>2D Framework\iniData</Filter>
    </ClInclude>
    <ClInclude Include="scoreData.h">
      <Filter>mainGame</Filter>
    </ClInclude>
    <ClInclude Include="resultScene.h">
      <Filter>mainGame\scene</Filter>
    </ClInclude>
    <ClInclude Include="block_2048.h">
      <Filter>mainGame\block</Filter>
    </ClInclude>
    <ClInclude Include="2048Scene.h">
      <Filter>mainGame\scene</Filter>
    </ClInclude>
    <ClInclude Include="result_2048.h">
      <Filter>mainGame\scene</Filter>
    </ClInclude>
  </ItemGroup>
  <ItemGroup>
    <ClCompile Include="2D framework.cpp">
      <Filter>소스 파일</Filter>
    </ClCompile>
    <ClCompile Include="imageManager.cpp">
      <Filter>2D Framework\manager</Filter>
    </ClCompile>
    <ClCompile Include="inputManager.cpp">
      <Filter>2D Framework\manager</Filter>
    </ClCompile>
    <ClCompile Include="gameNode.cpp">
      <Filter>2D Framework\gameNode</Filter>
    </ClCompile>
    <ClCompile Include="image.cpp">
      <Filter>2D Framework\image</Filter>
    </ClCompile>
    <ClCompile Include="mainGame.cpp">
      <Filter>mainGame</Filter>
    </ClCompile>
    <ClCompile Include="timer.cpp">
      <Filter>2D Framework</Filter>
    </ClCompile>
    <ClCompile Include="timeManager.cpp">
      <Filter>2D Framework\manager</Filter>
    </ClCompile>
    <ClCompile Include="animation.cpp">
      <Filter>2D Framework\animation</Filter>
    </ClCompile>
    <ClCompile Include="cameraManager.cpp">
      <Filter>2D Framework\manager</Filter>
    </ClCompile>
    <ClCompile Include="myUtil.cpp">
      <Filter>2D Framework\util</Filter>
    </ClCompile>
    <ClCompile Include="sceneManager.cpp">
      <Filter>2D Framework\manager</Filter>
    </ClCompile>
    <ClCompile Include="mainScene.cpp">
      <Filter>mainGame\scene</Filter>
    </ClCompile>
    <ClCompile Include="playScene.cpp">
      <Filter>mainGame\scene</Filter>
    </ClCompile>
    <ClCompile Include="block.cpp">
      <Filter>mainGame\block</Filter>
    </ClCompile>
    <ClCompile Include="BlockManager.cpp">
      <Filter>mainGame\block</Filter>
    </ClCompile>
    <ClCompile Include="blocks.cpp">
      <Filter>mainGame\block</Filter>
    </ClCompile>
    <ClCompile Include="iniData.cpp">
      <Filter>2D Framework\iniData</Filter>
    </ClCompile>
    <ClCompile Include="scoreData.cpp">
      <Filter>mainGame</Filter>
    </ClCompile>
    <ClCompile Include="resultScene.cpp">
      <Filter>mainGame\scene</Filter>
    </ClCompile>
    <ClCompile Include="block_2048.cpp">
      <Filter>mainGame\block</Filter>
    </ClCompile>
    <ClCompile Include="2048Scene.cpp">
      <Filter>mainGame\scene</Filter>
    </ClCompile>
    <ClCompile Include="result_2048.cpp">
      <Filter>mainGame\scene</Filter>
    </ClCompile>
  </ItemGroup>
  <ItemGroup>
    <ResourceCompile Include="2D framework.rc">
      <Filter>리소스 파일</Filter>
    </ResourceCompile>
  </ItemGroup>
  <ItemGroup>
    <Image Include="small.ico">
      <Filter>리소스 파일</Filter>
    </Image>
    <Image Include="2D framework.ico">
      <Filter>리소스 파일</Filter>
    </Image>
  </ItemGroup>
</Project>